
Microsoft Visual Studio Solution File, Format Version 12.00
# Visual Studio Version 16
VisualStudioVersion = 16.0.33423.256
MinimumVisualStudioVersion = 10.0.40219.1
Project("{FAE04EC0-301F-11D3-BF4B-00C04F79EFBC}") = "ProjectISA_StudyServer", "ProjectISA_StudyServer\ProjectISA_StudyServer.csproj", "{2C31AFF8-A223-4813-8E58-568827B2A024}"
EndProject
Global
	GlobalSection(SolutionConfigurationPlatforms) = preSolution
		Debug|Any CPU = Debug|Any CPU
		Release|Any CPU = Release|Any CPU
	EndGlobalSection
	GlobalSection(ProjectConfigurationPlatforms) = postSolution
		{2C31AFF8-A223-4813-8E58-568827B2A024}.Debug|Any CPU.ActiveCfg = Debug|Any CPU
		{2C31AFF8-A223-4813-8E58-568827B2A024}.Debug|Any CPU.Build.0 = Debug|Any CPU
		{2C31AFF8-A223-4813-8E58-568827B2A024}.Release|Any CPU.ActiveCfg = Release|Any CPU
		{2C31AFF8-A223-4813-8E58-568827B2A024}.Release|Any CPU.Build.0 = Release|Any CPU
	EndGlobalSection
	GlobalSection(SolutionProperties) = preSolution
		HideSolutionNode = FALSE
	EndGlobalSection
	GlobalSection(ExtensibilityGlobals) = postSolution
		SolutionGuid = {EEA481EA-981D-42A2-AFE3-7BF9EBCD2975}
	EndGlobalSection
EndGlobal
